
Microsoft Visual Studio Solution File, Format Version 12.00
# Visual Studio Version 17
VisualStudioVersion = 17.14.36511.14 d17.14
MinimumVisualStudioVersion = 10.0.40219.1
Project("{FAE04EC0-301F-11D3-BF4B-00C04F79EFBC}") = "HolaMundo", "HolaMundo.csproj", "{BEBE42C7-5E8D-446E-A63E-5E2E05FDE1D8}"
EndProject
Global
	GlobalSection(SolutionConfigurationPlatforms) = preSolution
		Debug|Any CPU = Debug|Any CPU
		Release|Any CPU = Release|Any CPU
	EndGlobalSection
	GlobalSection(ProjectConfigurationPlatforms) = postSolution
		{BEBE42C7-5E8D-446E-A63E-5E2E05FDE1D8}.Debug|Any CPU.ActiveCfg = Debug|Any CPU
		{BEBE42C7-5E8D-446E-A63E-5E2E05FDE1D8}.Debug|Any CPU.Build.0 = Debug|Any CPU
		{BEBE42C7-5E8D-446E-A63E-5E2E05FDE1D8}.Release|Any CPU.ActiveCfg = Release|Any CPU
		{BEBE42C7-5E8D-446E-A63E-5E2E05FDE1D8}.Release|Any CPU.Build.0 = Release|Any CPU
	EndGlobalSection
	GlobalSection(SolutionProperties) = preSolution
		HideSolutionNode = FALSE
	EndGlobalSection
	GlobalSection(ExtensibilityGlobals) = postSolution
		SolutionGuid = {E818F30F-DE12-4E4A-A616-E92EFD65CB08}
	EndGlobalSection
EndGlobal
